// !$*UTF8*$!
{
	archiveVersion = 1;
	classes = {
	};
	objectVersion = 51;
	objects = {

/* Begin PBXBuildFile section */
		8E2A96A22698DE2100E33063 /* Login.storyboard in Resources */ = {isa = PBXBuildFile; fileRef = 8E2A96A12698DE2100E33063 /* Login.storyboard */; };
		8E2A96A42698DE5500E33063 /* LoginViewController.swift in Sources */ = {isa = PBXBuildFile; fileRef = 8E2A96A32698DE5500E33063 /* LoginViewController.swift */; };
		8E50F45926B4909D0064C68D /* Show.swift in Sources */ = {isa = PBXBuildFile; fileRef = 8E50F45826B4909D0064C68D /* Show.swift */; };
		8E50F45C26B49B840064C68D /* TVShowTableViewCell.swift in Sources */ = {isa = PBXBuildFile; fileRef = 8E50F45B26B49B840064C68D /* TVShowTableViewCell.swift */; };
		8E50F45F26B54C890064C68D /* RatingView.swift in Sources */ = {isa = PBXBuildFile; fileRef = 8E50F45E26B54C890064C68D /* RatingView.swift */; };
		8E50F46126B54FE60064C68D /* ShowDetailsViewController.swift in Sources */ = {isa = PBXBuildFile; fileRef = 8E50F46026B54FE60064C68D /* ShowDetailsViewController.swift */; };
		8E50F46326B54FF90064C68D /* ShowDetailsStoryboard.storyboard in Resources */ = {isa = PBXBuildFile; fileRef = 8E50F46226B54FF90064C68D /* ShowDetailsStoryboard.storyboard */; };
		8E50F46626B575DB0064C68D /* ShowDetailsHeaderCell.swift in Sources */ = {isa = PBXBuildFile; fileRef = 8E50F46526B575DB0064C68D /* ShowDetailsHeaderCell.swift */; };
		8E50F46826B582480064C68D /* ReviewCell.swift in Sources */ = {isa = PBXBuildFile; fileRef = 8E50F46726B582480064C68D /* ReviewCell.swift */; };
		8E50F46A26B5ECA20064C68D /* Review.swift in Sources */ = {isa = PBXBuildFile; fileRef = 8E50F46926B5ECA20064C68D /* Review.swift */; };
		8EA3C05C26975F400042CB93 /* AppDelegate.swift in Sources */ = {isa = PBXBuildFile; fileRef = 8EA3C05B26975F400042CB93 /* AppDelegate.swift */; };
		8EA3C06526975F450042CB93 /* Assets.xcassets in Resources */ = {isa = PBXBuildFile; fileRef = 8EA3C06426975F450042CB93 /* Assets.xcassets */; };
		8EA3C06826975F450042CB93 /* LaunchScreen.storyboard in Resources */ = {isa = PBXBuildFile; fileRef = 8EA3C06626975F450042CB93 /* LaunchScreen.storyboard */; };
		8EA4AFB926B345370084CBD4 /* Constants.swift in Sources */ = {isa = PBXBuildFile; fileRef = 8EA4AFB826B345370084CBD4 /* Constants.swift */; };
		8ECADDE926A48612008831CE /* HomeViewController.swift in Sources */ = {isa = PBXBuildFile; fileRef = 8ECADDE826A48612008831CE /* HomeViewController.swift */; };
		8ECADDEB26A4862C008831CE /* HomeStoryboard.storyboard in Resources */ = {isa = PBXBuildFile; fileRef = 8ECADDEA26A4862C008831CE /* HomeStoryboard.storyboard */; };
		8ECADDED26A487D9008831CE /* User.swift in Sources */ = {isa = PBXBuildFile; fileRef = 8ECADDEC26A487D9008831CE /* User.swift */; };
		8ECADDF026A4B3FA008831CE /* ApiManager.swift in Sources */ = {isa = PBXBuildFile; fileRef = 8ECADDEF26A4B3FA008831CE /* ApiManager.swift */; };
		8ECADDF226A4B66E008831CE /* Router.swift in Sources */ = {isa = PBXBuildFile; fileRef = 8ECADDF126A4B66E008831CE /* Router.swift */; };
		AE3B56934470FB5F7E7CE33B /* Pods_TV_Shows.framework in Frameworks */ = {isa = PBXBuildFile; fileRef = 3A3885ACC2482C29543A94AD /* Pods_TV_Shows.framework */; };
/* End PBXBuildFile section */

/* Begin PBXFileReference section */
		3A3885ACC2482C29543A94AD /* Pods_TV_Shows.framework */ = {isa = PBXFileReference; explicitFileType = wrapper.framework; includeInIndex = 0; path = Pods_TV_Shows.framework; sourceTree = BUILT_PRODUCTS_DIR; };
		4F3FE069451D019124D866FD /* Pods-TV Shows.release.xcconfig */ = {isa = PBXFileReference; includeInIndex = 1; lastKnownFileType = text.xcconfig; name = "Pods-TV Shows.release.xcconfig"; path = "Target Support Files/Pods-TV Shows/Pods-TV Shows.release.xcconfig"; sourceTree = "<group>"; };
		8E2A96A12698DE2100E33063 /* Login.storyboard */ = {isa = PBXFileReference; lastKnownFileType = file.storyboard; path = Login.storyboard; sourceTree = "<group>"; };
		8E2A96A32698DE5500E33063 /* LoginViewController.swift */ = {isa = PBXFileReference; lastKnownFileType = sourcecode.swift; path = LoginViewController.swift; sourceTree = "<group>"; };
		8E50F45826B4909D0064C68D /* Show.swift */ = {isa = PBXFileReference; lastKnownFileType = sourcecode.swift; path = Show.swift; sourceTree = "<group>"; };
		8E50F45B26B49B840064C68D /* TVShowTableViewCell.swift */ = {isa = PBXFileReference; lastKnownFileType = sourcecode.swift; path = TVShowTableViewCell.swift; sourceTree = "<group>"; };
		8E50F45E26B54C890064C68D /* RatingView.swift */ = {isa = PBXFileReference; lastKnownFileType = sourcecode.swift; path = RatingView.swift; sourceTree = "<group>"; };
		8E50F46026B54FE60064C68D /* ShowDetailsViewController.swift */ = {isa = PBXFileReference; lastKnownFileType = sourcecode.swift; path = ShowDetailsViewController.swift; sourceTree = "<group>"; };
		8E50F46226B54FF90064C68D /* ShowDetailsStoryboard.storyboard */ = {isa = PBXFileReference; lastKnownFileType = file.storyboard; path = ShowDetailsStoryboard.storyboard; sourceTree = "<group>"; };
		8E50F46526B575DB0064C68D /* ShowDetailsHeaderCell.swift */ = {isa = PBXFileReference; lastKnownFileType = sourcecode.swift; path = ShowDetailsHeaderCell.swift; sourceTree = "<group>"; };
		8E50F46726B582480064C68D /* ReviewCell.swift */ = {isa = PBXFileReference; lastKnownFileType = sourcecode.swift; path = ReviewCell.swift; sourceTree = "<group>"; };
		8E50F46926B5ECA20064C68D /* Review.swift */ = {isa = PBXFileReference; lastKnownFileType = sourcecode.swift; path = Review.swift; sourceTree = "<group>"; };
		8EA3C05826975F400042CB93 /* TV Shows.app */ = {isa = PBXFileReference; explicitFileType = wrapper.application; includeInIndex = 0; path = "TV Shows.app"; sourceTree = BUILT_PRODUCTS_DIR; };
		8EA3C05B26975F400042CB93 /* AppDelegate.swift */ = {isa = PBXFileReference; lastKnownFileType = sourcecode.swift; path = AppDelegate.swift; sourceTree = "<group>"; };
		8EA3C06426975F450042CB93 /* Assets.xcassets */ = {isa = PBXFileReference; lastKnownFileType = folder.assetcatalog; path = Assets.xcassets; sourceTree = "<group>"; };
		8EA3C06726975F450042CB93 /* Base */ = {isa = PBXFileReference; lastKnownFileType = file.storyboard; name = Base; path = Base.lproj/LaunchScreen.storyboard; sourceTree = "<group>"; };
		8EA3C06926975F450042CB93 /* Info.plist */ = {isa = PBXFileReference; lastKnownFileType = text.plist.xml; path = Info.plist; sourceTree = "<group>"; };
		8EA4AFB826B345370084CBD4 /* Constants.swift */ = {isa = PBXFileReference; lastKnownFileType = sourcecode.swift; path = Constants.swift; sourceTree = "<group>"; };
		8ECADDE826A48612008831CE /* HomeViewController.swift */ = {isa = PBXFileReference; lastKnownFileType = sourcecode.swift; path = HomeViewController.swift; sourceTree = "<group>"; };
		8ECADDEA26A4862C008831CE /* HomeStoryboard.storyboard */ = {isa = PBXFileReference; lastKnownFileType = file.storyboard; path = HomeStoryboard.storyboard; sourceTree = "<group>"; };
		8ECADDEC26A487D9008831CE /* User.swift */ = {isa = PBXFileReference; lastKnownFileType = sourcecode.swift; path = User.swift; sourceTree = "<group>"; };
		8ECADDEF26A4B3FA008831CE /* ApiManager.swift */ = {isa = PBXFileReference; lastKnownFileType = sourcecode.swift; path = ApiManager.swift; sourceTree = "<group>"; };
		8ECADDF126A4B66E008831CE /* Router.swift */ = {isa = PBXFileReference; lastKnownFileType = sourcecode.swift; path = Router.swift; sourceTree = "<group>"; };
		B537500B47D7658813FB0A09 /* Pods-TV Shows.debug.xcconfig */ = {isa = PBXFileReference; includeInIndex = 1; lastKnownFileType = text.xcconfig; name = "Pods-TV Shows.debug.xcconfig"; path = "Target Support Files/Pods-TV Shows/Pods-TV Shows.debug.xcconfig"; sourceTree = "<group>"; };
/* End PBXFileReference section */

/* Begin PBXFrameworksBuildPhase section */
		8EA3C05526975F400042CB93 /* Frameworks */ = {
			isa = PBXFrameworksBuildPhase;
			buildActionMask = 2147483647;
			files = (
				AE3B56934470FB5F7E7CE33B /* Pods_TV_Shows.framework in Frameworks */,
			);
			runOnlyForDeploymentPostprocessing = 0;
		};
/* End PBXFrameworksBuildPhase section */

/* Begin PBXGroup section */
		7DCE4AEC28CAA380B69F5B6D /* Pods */ = {
			isa = PBXGroup;
			children = (
				B537500B47D7658813FB0A09 /* Pods-TV Shows.debug.xcconfig */,
				4F3FE069451D019124D866FD /* Pods-TV Shows.release.xcconfig */,
			);
			path = Pods;
			sourceTree = "<group>";
		};
		8E2A96A02698DCFE00E33063 /* Login */ = {
			isa = PBXGroup;
			children = (
				8E2A96A12698DE2100E33063 /* Login.storyboard */,
				8E2A96A32698DE5500E33063 /* LoginViewController.swift */,
				8ECADDEC26A487D9008831CE /* User.swift */,
			);
			path = Login;
			sourceTree = "<group>";
		};
		8E50F45A26B49B780064C68D /* Cells */ = {
			isa = PBXGroup;
			children = (
				8E50F45B26B49B840064C68D /* TVShowTableViewCell.swift */,
			);
			path = Cells;
			sourceTree = "<group>";
		};
		8E50F45D26B54C750064C68D /* ShowDetails */ = {
			isa = PBXGroup;
			children = (
				8E50F46426B575C70064C68D /* Cells */,
				8E50F45E26B54C890064C68D /* RatingView.swift */,
				8E50F46026B54FE60064C68D /* ShowDetailsViewController.swift */,
				8E50F46226B54FF90064C68D /* ShowDetailsStoryboard.storyboard */,
				8E50F46926B5ECA20064C68D /* Review.swift */,
			);
			path = ShowDetails;
			sourceTree = "<group>";
		};
		8E50F46426B575C70064C68D /* Cells */ = {
			isa = PBXGroup;
			children = (
				8E50F46526B575DB0064C68D /* ShowDetailsHeaderCell.swift */,
				8E50F46726B582480064C68D /* ReviewCell.swift */,
			);
			path = Cells;
			sourceTree = "<group>";
		};
		8EA3C04F26975F400042CB93 = {
			isa = PBXGroup;
			children = (
				8EA3C05A26975F400042CB93 /* TV Shows */,
				8EA3C05926975F400042CB93 /* Products */,
				7DCE4AEC28CAA380B69F5B6D /* Pods */,
				B72CF0BC735CA27DE1F4B299 /* Frameworks */,
			);
			sourceTree = "<group>";
		};
		8EA3C05926975F400042CB93 /* Products */ = {
			isa = PBXGroup;
			children = (
				8EA3C05826975F400042CB93 /* TV Shows.app */,
			);
			name = Products;
			sourceTree = "<group>";
		};
		8EA3C05A26975F400042CB93 /* TV Shows */ = {
			isa = PBXGroup;
			children = (
				8E50F45D26B54C750064C68D /* ShowDetails */,
				8ECADDEE26A4B3EF008831CE /* Shared */,
				8ECADDE726A48601008831CE /* Home */,
				8E2A96A02698DCFE00E33063 /* Login */,
				8EA3C05B26975F400042CB93 /* AppDelegate.swift */,
				8EA3C06426975F450042CB93 /* Assets.xcassets */,
				8EA3C06626975F450042CB93 /* LaunchScreen.storyboard */,
				8EA3C06926975F450042CB93 /* Info.plist */,
			);
			path = "TV Shows";
			sourceTree = "<group>";
		};
		8ECADDE726A48601008831CE /* Home */ = {
			isa = PBXGroup;
			children = (
				8E50F45A26B49B780064C68D /* Cells */,
				8ECADDE826A48612008831CE /* HomeViewController.swift */,
				8ECADDEA26A4862C008831CE /* HomeStoryboard.storyboard */,
				8E50F45826B4909D0064C68D /* Show.swift */,
			);
			path = Home;
			sourceTree = "<group>";
		};
		8ECADDEE26A4B3EF008831CE /* Shared */ = {
			isa = PBXGroup;
			children = (
				8ECADDEF26A4B3FA008831CE /* ApiManager.swift */,
				8ECADDF126A4B66E008831CE /* Router.swift */,
				8EA4AFB826B345370084CBD4 /* Constants.swift */,
			);
			path = Shared;
			sourceTree = "<group>";
		};
		B72CF0BC735CA27DE1F4B299 /* Frameworks */ = {
			isa = PBXGroup;
			children = (
				3A3885ACC2482C29543A94AD /* Pods_TV_Shows.framework */,
			);
			name = Frameworks;
			sourceTree = "<group>";
		};
/* End PBXGroup section */

/* Begin PBXNativeTarget section */
		8EA3C05726975F400042CB93 /* TV Shows */ = {
			isa = PBXNativeTarget;
			buildConfigurationList = 8EA3C06C26975F450042CB93 /* Build configuration list for PBXNativeTarget "TV Shows" */;
			buildPhases = (
				D38FFF185688E8F4B8C64BD8 /* [CP] Check Pods Manifest.lock */,
				8EA3C05426975F400042CB93 /* Sources */,
				8EA3C05526975F400042CB93 /* Frameworks */,
				8EA3C05626975F400042CB93 /* Resources */,
				8F86D1467DF67464CD9AAEC5 /* [CP] Embed Pods Frameworks */,
			);
			buildRules = (
			);
			dependencies = (
			);
			name = "TV Shows";
			productName = "TV Shows";
			productReference = 8EA3C05826975F400042CB93 /* TV Shows.app */;
			productType = "com.apple.product-type.application";
		};
/* End PBXNativeTarget section */

/* Begin PBXProject section */
		8EA3C05026975F400042CB93 /* Project object */ = {
			isa = PBXProject;
			attributes = {
				LastSwiftUpdateCheck = 1250;
				LastUpgradeCheck = 1250;
				TargetAttributes = {
					8EA3C05726975F400042CB93 = {
						CreatedOnToolsVersion = 12.5.1;
					};
				};
			};
			buildConfigurationList = 8EA3C05326975F400042CB93 /* Build configuration list for PBXProject "TV Shows" */;
			compatibilityVersion = "Xcode 9.3";
			developmentRegion = en;
			hasScannedForEncodings = 0;
			knownRegions = (
				en,
				Base,
			);
			mainGroup = 8EA3C04F26975F400042CB93;
			productRefGroup = 8EA3C05926975F400042CB93 /* Products */;
			projectDirPath = "";
			projectRoot = "";
			targets = (
				8EA3C05726975F400042CB93 /* TV Shows */,
			);
		};
/* End PBXProject section */

/* Begin PBXResourcesBuildPhase section */
		8EA3C05626975F400042CB93 /* Resources */ = {
			isa = PBXResourcesBuildPhase;
			buildActionMask = 2147483647;
			files = (
				8E50F46326B54FF90064C68D /* ShowDetailsStoryboard.storyboard in Resources */,
				8E2A96A22698DE2100E33063 /* Login.storyboard in Resources */,
				8EA3C06826975F450042CB93 /* LaunchScreen.storyboard in Resources */,
				8ECADDEB26A4862C008831CE /* HomeStoryboard.storyboard in Resources */,
				8EA3C06526975F450042CB93 /* Assets.xcassets in Resources */,
			);
			runOnlyForDeploymentPostprocessing = 0;
		};
/* End PBXResourcesBuildPhase section */

/* Begin PBXShellScriptBuildPhase section */
		8F86D1467DF67464CD9AAEC5 /* [CP] Embed Pods Frameworks */ = {
			isa = PBXShellScriptBuildPhase;
			buildActionMask = 2147483647;
			files = (
			);
			inputFileListPaths = (
				"${PODS_ROOT}/Target Support Files/Pods-TV Shows/Pods-TV Shows-frameworks-${CONFIGURATION}-input-files.xcfilelist",
			);
			name = "[CP] Embed Pods Frameworks";
			outputFileListPaths = (
				"${PODS_ROOT}/Target Support Files/Pods-TV Shows/Pods-TV Shows-frameworks-${CONFIGURATION}-output-files.xcfilelist",
			);
			runOnlyForDeploymentPostprocessing = 0;
			shellPath = /bin/sh;
			shellScript = "\"${PODS_ROOT}/Target Support Files/Pods-TV Shows/Pods-TV Shows-frameworks.sh\"\n";
			showEnvVarsInLog = 0;
		};
		D38FFF185688E8F4B8C64BD8 /* [CP] Check Pods Manifest.lock */ = {
			isa = PBXShellScriptBuildPhase;
			buildActionMask = 2147483647;
			files = (
			);
			inputFileListPaths = (
			);
			inputPaths = (
				"${PODS_PODFILE_DIR_PATH}/Podfile.lock",
				"${PODS_ROOT}/Manifest.lock",
			);
			name = "[CP] Check Pods Manifest.lock";
			outputFileListPaths = (
			);
			outputPaths = (
				"$(DERIVED_FILE_DIR)/Pods-TV Shows-checkManifestLockResult.txt",
			);
			runOnlyForDeploymentPostprocessing = 0;
			shellPath = /bin/sh;
			shellScript = "diff \"${PODS_PODFILE_DIR_PATH}/Podfile.lock\" \"${PODS_ROOT}/Manifest.lock\" > /dev/null\nif [ $? != 0 ] ; then\n    # print error to STDERR\n    echo \"error: The sandbox is not in sync with the Podfile.lock. Run 'pod install' or update your CocoaPods installation.\" >&2\n    exit 1\nfi\n# This output is used by Xcode 'outputs' to avoid re-running this script phase.\necho \"SUCCESS\" > \"${SCRIPT_OUTPUT_FILE_0}\"\n";
			showEnvVarsInLog = 0;
		};
/* End PBXShellScriptBuildPhase section */

/* Begin PBXSourcesBuildPhase section */
		8EA3C05426975F400042CB93 /* Sources */ = {
			isa = PBXSourcesBuildPhase;
			buildActionMask = 2147483647;
			files = (
				8ECADDED26A487D9008831CE /* User.swift in Sources */,
				8E50F45C26B49B840064C68D /* TVShowTableViewCell.swift in Sources */,
				8E50F46626B575DB0064C68D /* ShowDetailsHeaderCell.swift in Sources */,
				8E2A96A42698DE5500E33063 /* LoginViewController.swift in Sources */,
				8E50F45F26B54C890064C68D /* RatingView.swift in Sources */,
				8E50F46126B54FE60064C68D /* ShowDetailsViewController.swift in Sources */,
				8ECADDF026A4B3FA008831CE /* ApiManager.swift in Sources */,
				8EA3C05C26975F400042CB93 /* AppDelegate.swift in Sources */,
				8EA4AFB926B345370084CBD4 /* Constants.swift in Sources */,
				8E50F46A26B5ECA20064C68D /* Review.swift in Sources */,
				8ECADDF226A4B66E008831CE /* Router.swift in Sources */,
				8E50F46826B582480064C68D /* ReviewCell.swift in Sources */,
				8E50F45926B4909D0064C68D /* Show.swift in Sources */,
				8ECADDE926A48612008831CE /* HomeViewController.swift in Sources */,
			);
			runOnlyForDeploymentPostprocessing = 0;
		};
/* End PBXSourcesBuildPhase section */

/* Begin PBXVariantGroup section */
		8EA3C06626975F450042CB93 /* LaunchScreen.storyboard */ = {
			isa = PBXVariantGroup;
			children = (
				8EA3C06726975F450042CB93 /* Base */,
			);
			name = LaunchScreen.storyboard;
			sourceTree = "<group>";
		};
/* End PBXVariantGroup section */

/* Begin XCBuildConfiguration section */
		8EA3C06A26975F450042CB93 /* Debug */ = {
			isa = XCBuildConfiguration;
			buildSettings = {
				ALWAYS_SEARCH_USER_PATHS = NO;
				CLANG_ANALYZER_NONNULL = YES;
				CLANG_ANALYZER_NUMBER_OBJECT_CONVERSION = YES_AGGRESSIVE;
				CLANG_CXX_LANGUAGE_STANDARD = "gnu++14";
				CLANG_CXX_LIBRARY = "libc++";
				CLANG_ENABLE_MODULES = YES;
				CLANG_ENABLE_OBJC_ARC = YES;
				CLANG_ENABLE_OBJC_WEAK = YES;
				CLANG_WARN_BLOCK_CAPTURE_AUTORELEASING = YES;
				CLANG_WARN_BOOL_CONVERSION = YES;
				CLANG_WARN_COMMA = YES;
				CLANG_WARN_CONSTANT_CONVERSION = YES;
				CLANG_WARN_DEPRECATED_OBJC_IMPLEMENTATIONS = YES;
				CLANG_WARN_DIRECT_OBJC_ISA_USAGE = YES_ERROR;
				CLANG_WARN_DOCUMENTATION_COMMENTS = YES;
				CLANG_WARN_EMPTY_BODY = YES;
				CLANG_WARN_ENUM_CONVERSION = YES;
				CLANG_WARN_INFINITE_RECURSION = YES;
				CLANG_WARN_INT_CONVERSION = YES;
				CLANG_WARN_NON_LITERAL_NULL_CONVERSION = YES;
				CLANG_WARN_OBJC_IMPLICIT_RETAIN_SELF = YES;
				CLANG_WARN_OBJC_LITERAL_CONVERSION = YES;
				CLANG_WARN_OBJC_ROOT_CLASS = YES_ERROR;
				CLANG_WARN_QUOTED_INCLUDE_IN_FRAMEWORK_HEADER = YES;
				CLANG_WARN_RANGE_LOOP_ANALYSIS = YES;
				CLANG_WARN_STRICT_PROTOTYPES = YES;
				CLANG_WARN_SUSPICIOUS_MOVE = YES;
				CLANG_WARN_UNGUARDED_AVAILABILITY = YES_AGGRESSIVE;
				CLANG_WARN_UNREACHABLE_CODE = YES;
				CLANG_WARN__DUPLICATE_METHOD_MATCH = YES;
				COPY_PHASE_STRIP = NO;
				DEBUG_INFORMATION_FORMAT = dwarf;
				ENABLE_STRICT_OBJC_MSGSEND = YES;
				ENABLE_TESTABILITY = YES;
				GCC_C_LANGUAGE_STANDARD = gnu11;
				GCC_DYNAMIC_NO_PIC = NO;
				GCC_NO_COMMON_BLOCKS = YES;
				GCC_OPTIMIZATION_LEVEL = 0;
				GCC_PREPROCESSOR_DEFINITIONS = (
					"DEBUG=1",
					"$(inherited)",
				);
				GCC_WARN_64_TO_32_BIT_CONVERSION = YES;
				GCC_WARN_ABOUT_RETURN_TYPE = YES_ERROR;
				GCC_WARN_UNDECLARED_SELECTOR = YES;
				GCC_WARN_UNINITIALIZED_AUTOS = YES_AGGRESSIVE;
				GCC_WARN_UNUSED_FUNCTION = YES;
				GCC_WARN_UNUSED_VARIABLE = YES;
				IPHONEOS_DEPLOYMENT_TARGET = 12.1;
				MTL_ENABLE_DEBUG_INFO = INCLUDE_SOURCE;
				MTL_FAST_MATH = YES;
				ONLY_ACTIVE_ARCH = YES;
				SDKROOT = iphoneos;
				SWIFT_ACTIVE_COMPILATION_CONDITIONS = DEBUG;
				SWIFT_OPTIMIZATION_LEVEL = "-Onone";
			};
			name = Debug;
		};
		8EA3C06B26975F450042CB93 /* Release */ = {
			isa = XCBuildConfiguration;
			buildSettings = {
				ALWAYS_SEARCH_USER_PATHS = NO;
				CLANG_ANALYZER_NONNULL = YES;
				CLANG_ANALYZER_NUMBER_OBJECT_CONVERSION = YES_AGGRESSIVE;
				CLANG_CXX_LANGUAGE_STANDARD = "gnu++14";
				CLANG_CXX_LIBRARY = "libc++";
				CLANG_ENABLE_MODULES = YES;
				CLANG_ENABLE_OBJC_ARC = YES;
				CLANG_ENABLE_OBJC_WEAK = YES;
				CLANG_WARN_BLOCK_CAPTURE_AUTORELEASING = YES;
				CLANG_WARN_BOOL_CONVERSION = YES;
				CLANG_WARN_COMMA = YES;
				CLANG_WARN_CONSTANT_CONVERSION = YES;
				CLANG_WARN_DEPRECATED_OBJC_IMPLEMENTATIONS = YES;
				CLANG_WARN_DIRECT_OBJC_ISA_USAGE = YES_ERROR;
				CLANG_WARN_DOCUMENTATION_COMMENTS = YES;
				CLANG_WARN_EMPTY_BODY = YES;
				CLANG_WARN_ENUM_CONVERSION = YES;
				CLANG_WARN_INFINITE_RECURSION = YES;
				CLANG_WARN_INT_CONVERSION = YES;
				CLANG_WARN_NON_LITERAL_NULL_CONVERSION = YES;
				CLANG_WARN_OBJC_IMPLICIT_RETAIN_SELF = YES;
				CLANG_WARN_OBJC_LITERAL_CONVERSION = YES;
				CLANG_WARN_OBJC_ROOT_CLASS = YES_ERROR;
				CLANG_WARN_QUOTED_INCLUDE_IN_FRAMEWORK_HEADER = YES;
				CLANG_WARN_RANGE_LOOP_ANALYSIS = YES;
				CLANG_WARN_STRICT_PROTOTYPES = YES;
				CLANG_WARN_SUSPICIOUS_MOVE = YES;
				CLANG_WARN_UNGUARDED_AVAILABILITY = YES_AGGRESSIVE;
				CLANG_WARN_UNREACHABLE_CODE = YES;
				CLANG_WARN__DUPLICATE_METHOD_MATCH = YES;
				COPY_PHASE_STRIP = NO;
				DEBUG_INFORMATION_FORMAT = "dwarf-with-dsym";
				ENABLE_NS_ASSERTIONS = NO;
				ENABLE_STRICT_OBJC_MSGSEND = YES;
				GCC_C_LANGUAGE_STANDARD = gnu11;
				GCC_NO_COMMON_BLOCKS = YES;
				GCC_WARN_64_TO_32_BIT_CONVERSION = YES;
				GCC_WARN_ABOUT_RETURN_TYPE = YES_ERROR;
				GCC_WARN_UNDECLARED_SELECTOR = YES;
				GCC_WARN_UNINITIALIZED_AUTOS = YES_AGGRESSIVE;
				GCC_WARN_UNUSED_FUNCTION = YES;
				GCC_WARN_UNUSED_VARIABLE = YES;
				IPHONEOS_DEPLOYMENT_TARGET = 12.1;
				MTL_ENABLE_DEBUG_INFO = NO;
				MTL_FAST_MATH = YES;
				SDKROOT = iphoneos;
				SWIFT_COMPILATION_MODE = wholemodule;
				SWIFT_OPTIMIZATION_LEVEL = "-O";
				VALIDATE_PRODUCT = YES;
			};
			name = Release;
		};
		8EA3C06D26975F450042CB93 /* Debug */ = {
			isa = XCBuildConfiguration;
			baseConfigurationReference = B537500B47D7658813FB0A09 /* Pods-TV Shows.debug.xcconfig */;
			buildSettings = {
				ASSETCATALOG_COMPILER_APPICON_NAME = AppIcon;
				ASSETCATALOG_COMPILER_GLOBAL_ACCENT_COLOR_NAME = AccentColor;
				CODE_SIGN_STYLE = Automatic;
				DEVELOPMENT_TEAM = 572Z6XBR6L;
				INFOPLIST_FILE = "TV Shows/Info.plist";
				LD_RUNPATH_SEARCH_PATHS = (
					"$(inherited)",
					"@executable_path/Frameworks",
				);
				PRODUCT_BUNDLE_IDENTIFIER = "com.infinum.academy.kuglll.TV-Shows";
				PRODUCT_NAME = "$(TARGET_NAME)";
				SWIFT_VERSION = 5.0;
				TARGETED_DEVICE_FAMILY = "1,2";
			};
			name = Debug;
		};
		8EA3C06E26975F450042CB93 /* Release */ = {
			isa = XCBuildConfiguration;
			baseConfigurationReference = 4F3FE069451D019124D866FD /* Pods-TV Shows.release.xcconfig */;
			buildSettings = {
				ASSETCATALOG_COMPILER_APPICON_NAME = AppIcon;
				ASSETCATALOG_COMPILER_GLOBAL_ACCENT_COLOR_NAME = AccentColor;
				CODE_SIGN_STYLE = Automatic;
				DEVELOPMENT_TEAM = 572Z6XBR6L;
				INFOPLIST_FILE = "TV Shows/Info.plist";
				LD_RUNPATH_SEARCH_PATHS = (
					"$(inherited)",
					"@executable_path/Frameworks",
				);
				PRODUCT_BUNDLE_IDENTIFIER = "com.infinum.academy.kuglll.TV-Shows";
				PRODUCT_NAME = "$(TARGET_NAME)";
				SWIFT_VERSION = 5.0;
				TARGETED_DEVICE_FAMILY = "1,2";
			};
			name = Release;
		};
/* End XCBuildConfiguration section */

/* Begin XCConfigurationList section */
		8EA3C05326975F400042CB93 /* Build configuration list for PBXProject "TV Shows" */ = {
			isa = XCConfigurationList;
			buildConfigurations = (
				8EA3C06A26975F450042CB93 /* Debug */,
				8EA3C06B26975F450042CB93 /* Release */,
			);
			defaultConfigurationIsVisible = 0;
			defaultConfigurationName = Release;
		};
		8EA3C06C26975F450042CB93 /* Build configuration list for PBXNativeTarget "TV Shows" */ = {
			isa = XCConfigurationList;
			buildConfigurations = (
				8EA3C06D26975F450042CB93 /* Debug */,
				8EA3C06E26975F450042CB93 /* Release */,
			);
			defaultConfigurationIsVisible = 0;
			defaultConfigurationName = Release;
		};
/* End XCConfigurationList section */
	};
	rootObject = 8EA3C05026975F400042CB93 /* Project object */;
}
